<?xml version="1.0" encoding="utf-8"?>
<Project ToolsVersion="4.0" xmlns="http://schemas.microsoft.com/developer/msbuild/2003">
  <ItemGroup>
    <ClCompile Include="Main.cpp" />
  </ItemGroup>
  <ItemGroup>
    <ClInclude Include="EventSystem.h" />
    <ClInclude Include="IEvent.h" />
    <ClInclude Include="Event.h" />
    <ClInclude Include="Ids.h" />
    <ClInclude Include="ButtonPressEvent.h" />
    <ClInclude Include="IEventListener.h" />
    <ClInclude Include="IEventDelegate.h" />
    <ClInclude Include="EventDelegate.h" />
    <ClInclude Include="EventDispatcher.h" />
  </ItemGroup>
</Project>