<?xml version="1.0" encoding="utf-8"?>
<Project ToolsVersion="4.0" xmlns="http://schemas.microsoft.com/developer/msbuild/2003">
  <ItemGroup>
    <ClCompile Include="Main.cpp" />
    <ClCompile Include="Sandbox\Systems\RenderSystem\RenderSystem.cpp" />
    <ClCompile Include="Sandbox\ImGui\imgui.cpp" />
    <ClCompile Include="Sandbox\ImGui\imgui_draw.cpp" />
    <ClCompile Include="Sandbox\ImGui\imgui_impl_dx11.cpp" />
    <ClCompile Include="Sandbox\ImGui\imgui_impl_win32.cpp" />
    <ClCompile Include="Sandbox\ImGui\imgui_widgets.cpp" />
  </ItemGroup>
  <ItemGroup>
    <ClInclude Include="Sandbox\Application.h" />
    <ClInclude Include="Sandbox\Systems\MoveSystem.h" />
    <ClInclude Include="Sandbox\Components\MoveComponent.h" />
    <ClInclude Include="Sandbox\Components\PositionComponent.h" />
    <ClInclude Include="Sandbox\Entities\GameObject.h" />
    <ClInclude Include="Sandbox\Systems\InterfaceSystem\InterfaceSystem.h" />
    <ClInclude Include="Sandbox\Systems\RenderSystem\RenderSystem.h" />
    <ClInclude Include="Sandbox\Events\MoveEvent.h" />
    <ClInclude Include="Sandbox\ImGui\imconfig.h" />
    <ClInclude Include="Sandbox\ImGui\imgui.h" />
    <ClInclude Include="Sandbox\ImGui\imgui_impl_dx11.h" />
    <ClInclude Include="Sandbox\ImGui\imgui_impl_win32.h" />
    <ClInclude Include="Sandbox\ImGui\imgui_internal.h" />
    <ClInclude Include="Sandbox\ImGui\imstb_rectpack.h" />
    <ClInclude Include="Sandbox\ImGui\imstb_textedit.h" />
    <ClInclude Include="Sandbox\ImGui\imstb_truetype.h" />
    <ClInclude Include="Sandbox\MyWindow.h" />
  </ItemGroup>
</Project>