<?xml version="1.0" encoding="utf-8"?>
<Project ToolsVersion="4.0" xmlns="http://schemas.microsoft.com/developer/msbuild/2003">
  <ItemGroup>
    <ClCompile Include="Main.cpp" />
  </ItemGroup>
  <ItemGroup>
    <ClInclude Include="Sandbox\Components\CollisionComponent.h" />
    <ClInclude Include="Sandbox\Components\MoveComponent.h" />
    <ClInclude Include="Sandbox\Components\SelectComponent.h" />
    <ClInclude Include="Sandbox\Components\TransformComponent.h" />
    <ClInclude Include="Sandbox\Entities\GameObject.h" />
    <ClInclude Include="Sandbox\Entities\Light.h" />
    <ClInclude Include="Sandbox\Graphics\SkyMap.h" />
    <ClInclude Include="Sandbox\Systems\CollisionSystem.h" />
    <ClInclude Include="Sandbox\Systems\MoveSystem.h" />
    <ClInclude Include="Sandbox\Events.h" />
    <ClInclude Include="Sandbox\ProjectSettings.h" />
    <ClInclude Include="Sandbox\Components\RenderableComponent.h" />
    <ClInclude Include="Sandbox\Graphics\Shadow.h" />
    <ClInclude Include="Sandbox\GUI\LogTab.h" />
    <ClInclude Include="Sandbox\GUI\HierarchyTab.h" />
    <ClInclude Include="Sandbox\GUI\GUISystem.h" />
    <ClInclude Include="Sandbox\GUI\RendererTab.h" />
    <ClInclude Include="Sandbox\Entities\Terrain.h" />
    <ClInclude Include="Sandbox\Components\TerrainData.h" />
    <ClInclude Include="Sandbox\Systems\RenderSystem.h" />
  </ItemGroup>
  <ItemGroup>
    <None Include="Sandbox\Resources\Meshes\Monster0.bin" />
    <None Include="Sandbox\Resources\Meshes\scene.bin" />
  </ItemGroup>
</Project>