<?xml version="1.0" encoding="utf-8"?>
<Project ToolsVersion="4.0" xmlns="http://schemas.microsoft.com/developer/msbuild/2003">
  <ItemGroup>
    <ClCompile Include="Main.cpp" />
    <ClCompile Include="Sandbox\Application.h" />
    <ClCompile Include="Sandbox\Systems\RenderSystem\RenderSystem.cpp" />
    <ClCompile Include="Sandbox\Systems\InterfaceSystem\InterfaceSystem.cpp" />
  </ItemGroup>
  <ItemGroup>
    <ClInclude Include="Sandbox\Components\MeshComponent.h" />
    <ClInclude Include="Sandbox\Components\MoveComponent.h" />
    <ClInclude Include="Sandbox\Components\PositionComponent.h" />
    <ClInclude Include="Sandbox\Systems\MoveSystem.h" />
    <ClInclude Include="Sandbox\Systems\RenderSystem\DepthStencil.h" />
    <ClInclude Include="Sandbox\Systems\RenderSystem\RenderSystem.h" />
    <ClInclude Include="Sandbox\Systems\RenderSystem\RenderTarget.h" />
    <ClInclude Include="Sandbox\Systems\InterfaceSystem\InterfaceSystem.h" />
    <ClInclude Include="Sandbox\Entities\GameObject.h" />
    <ClInclude Include="Sandbox\Events\MoveEvent.h" />
  </ItemGroup>
</Project>