
Microsoft Visual Studio Solution File, Format Version 12.00
# Visual Studio 15
VisualStudioVersion = 15.0.28307.902
MinimumVisualStudioVersion = 10.0.40219.1
Project("{8BC9CEB8-8B4A-11D0-8D11-00A0C91BC942}") = "Hollow", "Hollow\Hollow.vcxproj", "{7A539AFC-8BB5-4385-B38B-862BB095EDF6}"
EndProject
Project("{8BC9CEB8-8B4A-11D0-8D11-00A0C91BC942}") = "Sandbox", "Sandbox\Sandbox.vcxproj", "{B3FF6361-8B4A-4680-AA13-453EF3A9DB12}"
EndProject
Project("{8BC9CEB8-8B4A-11D0-8D11-00A0C91BC942}") = "Game", "Game\Game.vcxproj", "{28739997-F122-4C32-9988-00344C38357F}"
	ProjectSection(ProjectDependencies) = postProject
		{7A539AFC-8BB5-4385-B38B-862BB095EDF6} = {7A539AFC-8BB5-4385-B38B-862BB095EDF6}
	EndProjectSection
EndProject
Global
	GlobalSection(SolutionConfigurationPlatforms) = preSolution
		Debug|x64 = Debug|x64
		Debug|x86 = Debug|x86
		Release|x64 = Release|x64
		Release|x86 = Release|x86
	EndGlobalSection
	GlobalSection(ProjectConfigurationPlatforms) = postSolution
		{7A539AFC-8BB5-4385-B38B-862BB095EDF6}.Debug|x64.ActiveCfg = Debug|x64
		{7A539AFC-8BB5-4385-B38B-862BB095EDF6}.Debug|x64.Build.0 = Debug|x64
		{7A539AFC-8BB5-4385-B38B-862BB095EDF6}.Debug|x86.ActiveCfg = Debug|x64
		{7A539AFC-8BB5-4385-B38B-862BB095EDF6}.Release|x64.ActiveCfg = Release|x64
		{7A539AFC-8BB5-4385-B38B-862BB095EDF6}.Release|x64.Build.0 = Release|x64
		{7A539AFC-8BB5-4385-B38B-862BB095EDF6}.Release|x86.ActiveCfg = Release|x64
		{B3FF6361-8B4A-4680-AA13-453EF3A9DB12}.Debug|x64.ActiveCfg = Debug|x64
		{B3FF6361-8B4A-4680-AA13-453EF3A9DB12}.Debug|x64.Build.0 = Debug|x64
		{B3FF6361-8B4A-4680-AA13-453EF3A9DB12}.Debug|x86.ActiveCfg = Debug|x64
		{B3FF6361-8B4A-4680-AA13-453EF3A9DB12}.Release|x64.ActiveCfg = Release|x64
		{B3FF6361-8B4A-4680-AA13-453EF3A9DB12}.Release|x64.Build.0 = Release|x64
		{B3FF6361-8B4A-4680-AA13-453EF3A9DB12}.Release|x86.ActiveCfg = Release|x64
		{28739997-F122-4C32-9988-00344C38357F}.Debug|x64.ActiveCfg = Debug|x64
		{28739997-F122-4C32-9988-00344C38357F}.Debug|x64.Build.0 = Debug|x64
		{28739997-F122-4C32-9988-00344C38357F}.Debug|x86.ActiveCfg = Debug|Win32
		{28739997-F122-4C32-9988-00344C38357F}.Debug|x86.Build.0 = Debug|Win32
		{28739997-F122-4C32-9988-00344C38357F}.Release|x64.ActiveCfg = Release|x64
		{28739997-F122-4C32-9988-00344C38357F}.Release|x86.ActiveCfg = Release|Win32
		{28739997-F122-4C32-9988-00344C38357F}.Release|x86.Build.0 = Release|Win32
	EndGlobalSection
	GlobalSection(SolutionProperties) = preSolution
		HideSolutionNode = FALSE
	EndGlobalSection
	GlobalSection(ExtensibilityGlobals) = postSolution
		SolutionGuid = {A05BB692-4693-4562-97EC-444CAC52BEBE}
	EndGlobalSection
EndGlobal
