<?xml version="1.0" encoding="utf-8"?>
<Project ToolsVersion="4.0" xmlns="http://schemas.microsoft.com/developer/msbuild/2003">
  <ItemGroup>
    <Filter Include="Source Files">
      <UniqueIdentifier>{4FC737F1-C7A5-4376-A066-2A32D752A2FF}</UniqueIdentifier>
      <Extensions>cpp;c;cc;cxx;def;odl;idl;hpj;bat;asm;asmx</Extensions>
    </Filter>
    <Filter Include="Header Files">
      <UniqueIdentifier>{93995380-89BD-4b04-88EB-625FBE52EBFB}</UniqueIdentifier>
      <Extensions>h;hh;hpp;hxx;hm;inl;inc;ipp;xsd</Extensions>
    </Filter>
    <Filter Include="Resource Files">
      <UniqueIdentifier>{67DA6AB6-F800-4c08-8B7A-83BB121AAD01}</UniqueIdentifier>
      <Extensions>rc;ico;cur;bmp;dlg;rc2;rct;bin;rgs;gif;jpg;jpeg;jpe;resx;tiff;tif;png;wav;mfcribbon-ms</Extensions>
    </Filter>
  </ItemGroup>
  <ItemGroup>
    <ClInclude Include="Hollow\Common\Log.h">
      <Filter>Header Files</Filter>
    </ClInclude>
    <ClInclude Include="Hollow\Common\Timer.h">
      <Filter>Header Files</Filter>
    </ClInclude>
    <ClInclude Include="Hollow\ECS\SystemManager.h">
      <Filter>Header Files</Filter>
    </ClInclude>
    <ClInclude Include="Hollow\Input\InputManager.h">
      <Filter>Header Files</Filter>
    </ClInclude>
    <ClInclude Include="Hollow\Input\KeyCodes.h">
      <Filter>Header Files</Filter>
    </ClInclude>
    <ClInclude Include="Hollow\Platform.h">
      <Filter>Header Files</Filter>
    </ClInclude>
    <ClInclude Include="Hollow\Resources\Sound.h">
      <Filter>Header Files</Filter>
    </ClInclude>
    <ClInclude Include="Hollow\Events\Event.h">
      <Filter>Header Files</Filter>
    </ClInclude>
    <ClInclude Include="Hollow\Events\EventDelegate.h">
      <Filter>Header Files</Filter>
    </ClInclude>
    <ClInclude Include="Hollow\Events\EventDispatcher.h">
      <Filter>Header Files</Filter>
    </ClInclude>
    <ClInclude Include="Hollow\Events\EventSystem.h">
      <Filter>Header Files</Filter>
    </ClInclude>
    <ClInclude Include="Hollow\Events\IEvent.h">
      <Filter>Header Files</Filter>
    </ClInclude>
    <ClInclude Include="Hollow\Events\IEventDelegate.h">
      <Filter>Header Files</Filter>
    </ClInclude>
    <ClInclude Include="Hollow\Events\IEventListener.h">
      <Filter>Header Files</Filter>
    </ClInclude>
    <ClInclude Include="Hollow\Events\WindowCreateEvent.h">
      <Filter>Header Files</Filter>
    </ClInclude>
    <ClInclude Include="Hollow\Events\ButtonPressedEvent.h">
      <Filter>Header Files</Filter>
    </ClInclude>
    <ClInclude Include="Hollow\Events\ButtonReleasedEvent.h">
      <Filter>Header Files</Filter>
    </ClInclude>
    <ClInclude Include="Hollow\Events\MouseMoveEvent.h">
      <Filter>Header Files</Filter>
    </ClInclude>
    <ClInclude Include="Hollow\Math\Math.h">
      <Filter>Header Files</Filter>
    </ClInclude>
    <ClInclude Include="Hollow\ECS\ISystem.h">
      <Filter>Header Files</Filter>
    </ClInclude>
    <ClInclude Include="Hollow\ECS\System.h">
      <Filter>Header Files</Filter>
    </ClInclude>
    <ClInclude Include="Hollow\Containers\pair.h">
      <Filter>Header Files</Filter>
    </ClInclude>
    <ClInclude Include="Hollow\Containers\vector.h">
      <Filter>Header Files</Filter>
    </ClInclude>
    <ClInclude Include="Hollow\Core\CModule.h">
      <Filter>Header Files</Filter>
    </ClInclude>
    <ClInclude Include="Hollow\Common\Console.h">
      <Filter>Header Files</Filter>
    </ClInclude>
    <ClInclude Include="Hollow\Common\FileSystem.h">
      <Filter>Header Files</Filter>
    </ClInclude>
    <ClInclude Include="Hollow\Common\Helper.h">
      <Filter>Header Files</Filter>
    </ClInclude>
    <ClInclude Include="Hollow\Graphics\Vertex.h">
      <Filter>Header Files</Filter>
    </ClInclude>
    <ClInclude Include="Hollow\Memory\PoolAllocator.h">
      <Filter>Header Files</Filter>
    </ClInclude>
    <ClInclude Include="Hollow\ECS\Entity.h">
      <Filter>Header Files</Filter>
    </ClInclude>
    <ClInclude Include="Hollow\ECS\EntityManager.h">
      <Filter>Header Files</Filter>
    </ClInclude>
    <ClInclude Include="Hollow\Memory\AllocatorUtils.h">
      <Filter>Header Files</Filter>
    </ClInclude>
    <ClInclude Include="Hollow\Memory\IAllocator.h">
      <Filter>Header Files</Filter>
    </ClInclude>
    <ClInclude Include="Hollow\ECS\ComponentManager.h">
      <Filter>Header Files</Filter>
    </ClInclude>
    <ClInclude Include="Hollow\ECS\IEntity.h">
      <Filter>Header Files</Filter>
    </ClInclude>
    <ClInclude Include="Hollow\ECS\Component.h">
      <Filter>Header Files</Filter>
    </ClInclude>
    <ClInclude Include="Hollow\ECS\IComponent.h">
      <Filter>Header Files</Filter>
    </ClInclude>
    <ClInclude Include="Hollow\Math\Matrix4.h">
      <Filter>Header Files</Filter>
    </ClInclude>
    <ClInclude Include="Hollow\Math\Quaternion.h">
      <Filter>Header Files</Filter>
    </ClInclude>
    <ClInclude Include="Hollow\Math\Vector4.h">
      <Filter>Header Files</Filter>
    </ClInclude>
    <ClInclude Include="Hollow\Math\Vector3.h">
      <Filter>Header Files</Filter>
    </ClInclude>
    <ClInclude Include="Hollow\Math\EAngle.h">
      <Filter>Header Files</Filter>
    </ClInclude>
    <ClInclude Include="Hollow\Graphics\Camera.h">
      <Filter>Header Files</Filter>
    </ClInclude>
    <ClInclude Include="Hollow\Math\Vector2.h">
      <Filter>Header Files</Filter>
    </ClInclude>
    <ClInclude Include="Hollow\Graphics\Renderer\Base\Material.h">
      <Filter>Header Files</Filter>
    </ClInclude>
    <ClInclude Include="Hollow\Importer\FreeImgImporter.h">
      <Filter>Header Files</Filter>
    </ClInclude>
    <ClInclude Include="Hollow\Resources\Mesh\Mesh.h">
      <Filter>Header Files</Filter>
    </ClInclude>
    <ClInclude Include="Hollow\Resources\Mesh\SubMesh.h">
      <Filter>Header Files</Filter>
    </ClInclude>
    <ClInclude Include="Hollow\Core\Task.h">
      <Filter>Header Files</Filter>
    </ClInclude>
    <ClInclude Include="Hollow\Core\TaskList.h">
      <Filter>Header Files</Filter>
    </ClInclude>
    <ClInclude Include="Hollow\Core\TaskManager.h">
      <Filter>Header Files</Filter>
    </ClInclude>
    <ClInclude Include="Hollow\Graphics\TextureManager.h">
      <Filter>Header Files</Filter>
    </ClInclude>
    <ClInclude Include="Hollow\Graphics\HardwareBufferManager.h">
      <Filter>Header Files</Filter>
    </ClInclude>
    <ClInclude Include="Hollow\Graphics\ShaderManager.h">
      <Filter>Header Files</Filter>
    </ClInclude>
    <ClInclude Include="Hollow\Test.h">
      <Filter>Header Files</Filter>
    </ClInclude>
    <ClInclude Include="Hollow\Graphics\Water.h">
      <Filter>Header Files</Filter>
    </ClInclude>
    <ClInclude Include="Hollow\Importer\MeshData.h">
      <Filter>Header Files</Filter>
    </ClInclude>
    <ClInclude Include="Hollow\Importer\AnimationData.h">
      <Filter>Header Files</Filter>
    </ClInclude>
    <ClInclude Include="Hollow\Resources\Material.h">
      <Filter>Header Files</Filter>
    </ClInclude>
    <ClInclude Include="Hollow\Graphics\GPUBufferManager.h">
      <Filter>Header Files</Filter>
    </ClInclude>
    <ClInclude Include="Hollow\Graphics\RenderTargetManager.h">
      <Filter>Header Files</Filter>
    </ClInclude>
    <ClInclude Include="Hollow\Graphics\GUI\ImGui\imconfig.h">
      <Filter>Header Files</Filter>
    </ClInclude>
    <ClInclude Include="Hollow\Graphics\GUI\ImGui\imgui.h">
      <Filter>Header Files</Filter>
    </ClInclude>
    <ClInclude Include="Hollow\Graphics\GUI\ImGui\imgui_impl_dx11.h">
      <Filter>Header Files</Filter>
    </ClInclude>
    <ClInclude Include="Hollow\Graphics\GUI\ImGui\imgui_impl_win32.h">
      <Filter>Header Files</Filter>
    </ClInclude>
    <ClInclude Include="Hollow\Graphics\GUI\ImGui\imgui_internal.h">
      <Filter>Header Files</Filter>
    </ClInclude>
    <ClInclude Include="Hollow\Graphics\GUI\ImGui\imstb_rectpack.h">
      <Filter>Header Files</Filter>
    </ClInclude>
    <ClInclude Include="Hollow\Graphics\GUI\ImGui\imstb_textedit.h">
      <Filter>Header Files</Filter>
    </ClInclude>
    <ClInclude Include="Hollow\Graphics\GUI\ImGui\imstb_truetype.h">
      <Filter>Header Files</Filter>
    </ClInclude>
    <ClInclude Include="Hollow\Graphics\GUI\ImGui\imgui_impl_opengl3.h">
      <Filter>Header Files</Filter>
    </ClInclude>
    <ClInclude Include="Hollow\Core.h">
      <Filter>Header Files</Filter>
    </ClInclude>
    <ClInclude Include="Hollow\Graphics\RendererType.h">
      <Filter>Header Files</Filter>
    </ClInclude>
    <ClInclude Include="Hollow\Resources\MeshManager.h">
      <Filter>Header Files</Filter>
    </ClInclude>
    <ClInclude Include="Hollow\Core\DelayedTaskManager.h">
      <Filter>Header Files</Filter>
    </ClInclude>
    <ClInclude Include="Hollow\Importer\Mesh.h">
      <Filter>Header Files</Filter>
    </ClInclude>
    <ClInclude Include="Hollow\Importer\GLTFImporter.h">
      <Filter>Header Files</Filter>
    </ClInclude>
    <ClInclude Include="Hollow\Importer\Animation.h">
      <Filter>Header Files</Filter>
    </ClInclude>
    <ClInclude Include="Hollow\Importer\HollowModelImporter.h">
      <Filter>Header Files</Filter>
    </ClInclude>
    <ClInclude Include="Hollow\Importer\AssimpImporter.h">
      <Filter>Header Files</Filter>
    </ClInclude>
    <ClInclude Include="Hollow\Memory\MemoryContainer.h">
      <Filter>Header Files</Filter>
    </ClInclude>
    <ClInclude Include="Hollow\WindowManager.h">
      <Filter>Header Files</Filter>
    </ClInclude>
    <ClInclude Include="Hollow\RenderApiManager.h">
      <Filter>Header Files</Filter>
    </ClInclude>
    <ClInclude Include="Hollow\Common\Logger.h">
      <Filter>Header Files</Filter>
    </ClInclude>
    <ClInclude Include="Hollow\Resources\ShaderManager.h">
      <Filter>Header Files</Filter>
    </ClInclude>
    <ClInclude Include="Hollow\Graphics\Base\Buffer.h">
      <Filter>Header Files</Filter>
    </ClInclude>
    <ClInclude Include="Hollow\Graphics\Base\GPUBuffer.h">
      <Filter>Header Files</Filter>
    </ClInclude>
    <ClInclude Include="Hollow\Graphics\Base\InputLayout.h">
      <Filter>Header Files</Filter>
    </ClInclude>
    <ClInclude Include="Hollow\Graphics\Base\RenderApi.h">
      <Filter>Header Files</Filter>
    </ClInclude>
    <ClInclude Include="Hollow\Graphics\Base\RenderTarget.h">
      <Filter>Header Files</Filter>
    </ClInclude>
    <ClInclude Include="Hollow\Graphics\Base\RenderTexture.h">
      <Filter>Header Files</Filter>
    </ClInclude>
    <ClInclude Include="Hollow\Graphics\Base\Shader.h">
      <Filter>Header Files</Filter>
    </ClInclude>
    <ClInclude Include="Hollow\Graphics\Base\Window.h">
      <Filter>Header Files</Filter>
    </ClInclude>
    <ClInclude Include="Hollow\Graphics\Platform\DirectX\D3D11BlendState.h">
      <Filter>Header Files</Filter>
    </ClInclude>
    <ClInclude Include="Hollow\Graphics\Platform\DirectX\D3D11ComputeShader.h">
      <Filter>Header Files</Filter>
    </ClInclude>
    <ClInclude Include="Hollow\Graphics\Platform\DirectX\D3D11Context.h">
      <Filter>Header Files</Filter>
    </ClInclude>
    <ClInclude Include="Hollow\Graphics\Platform\DirectX\D3D11DomainShader.h">
      <Filter>Header Files</Filter>
    </ClInclude>
    <ClInclude Include="Hollow\Graphics\Platform\DirectX\D3D11GeometryShader.h">
      <Filter>Header Files</Filter>
    </ClInclude>
    <ClInclude Include="Hollow\Graphics\Platform\DirectX\D3D11GPUBuffer.h">
      <Filter>Header Files</Filter>
    </ClInclude>
    <ClInclude Include="Hollow\Graphics\Platform\DirectX\D3D11GPUBufferManager.h">
      <Filter>Header Files</Filter>
    </ClInclude>
    <ClInclude Include="Hollow\Graphics\Platform\DirectX\D3D11HardwareBufferManager.h">
      <Filter>Header Files</Filter>
    </ClInclude>
    <ClInclude Include="Hollow\Graphics\Platform\DirectX\D3D11HullShader.h">
      <Filter>Header Files</Filter>
    </ClInclude>
    <ClInclude Include="Hollow\Graphics\Platform\DirectX\D3D11PixelShader.h">
      <Filter>Header Files</Filter>
    </ClInclude>
    <ClInclude Include="Hollow\Graphics\Platform\DirectX\D3D11Prerequisites.h">
      <Filter>Header Files</Filter>
    </ClInclude>
    <ClInclude Include="Hollow\Graphics\Platform\DirectX\D3D11RasterizerState.h">
      <Filter>Header Files</Filter>
    </ClInclude>
    <ClInclude Include="Hollow\Graphics\Platform\DirectX\D3D11RenderApi.h">
      <Filter>Header Files</Filter>
    </ClInclude>
    <ClInclude Include="Hollow\Graphics\Platform\DirectX\D3D11RenderTarget.h">
      <Filter>Header Files</Filter>
    </ClInclude>
    <ClInclude Include="Hollow\Graphics\Platform\DirectX\D3D11RenderTargetManager.h">
      <Filter>Header Files</Filter>
    </ClInclude>
    <ClInclude Include="Hollow\Graphics\Platform\DirectX\D3D11RenderTexture.h">
      <Filter>Header Files</Filter>
    </ClInclude>
    <ClInclude Include="Hollow\Graphics\Platform\DirectX\D3D11SamplerState.h">
      <Filter>Header Files</Filter>
    </ClInclude>
    <ClInclude Include="Hollow\Graphics\Platform\DirectX\D3D11ShaderManager.h">
      <Filter>Header Files</Filter>
    </ClInclude>
    <ClInclude Include="Hollow\Graphics\Platform\DirectX\D3D11Texture.h">
      <Filter>Header Files</Filter>
    </ClInclude>
    <ClInclude Include="Hollow\Graphics\Platform\DirectX\D3D11TextureManager.h">
      <Filter>Header Files</Filter>
    </ClInclude>
    <ClInclude Include="Hollow\Graphics\Platform\DirectX\D3D11VertexShader.h">
      <Filter>Header Files</Filter>
    </ClInclude>
    <ClInclude Include="Hollow\Graphics\Platform\DirectX\D3D11Win32Window.h">
      <Filter>Header Files</Filter>
    </ClInclude>
    <ClInclude Include="Hollow\Graphics\Platform\OpenGL\Win32\OGLWin32Window.h">
      <Filter>Header Files</Filter>
    </ClInclude>
    <ClInclude Include="Hollow\Graphics\Platform\OpenGL\OGLGpuBuffer.h">
      <Filter>Header Files</Filter>
    </ClInclude>
    <ClInclude Include="Hollow\Graphics\Platform\OpenGL\OGLGPUBufferManager.h">
      <Filter>Header Files</Filter>
    </ClInclude>
    <ClInclude Include="Hollow\Graphics\Platform\OpenGL\OGLHardwareBufferManager.h">
      <Filter>Header Files</Filter>
    </ClInclude>
    <ClInclude Include="Hollow\Graphics\Platform\OpenGL\OGLPrerequisites.h">
      <Filter>Header Files</Filter>
    </ClInclude>
    <ClInclude Include="Hollow\Graphics\Platform\OpenGL\OGLRenderApi.h">
      <Filter>Header Files</Filter>
    </ClInclude>
    <ClInclude Include="Hollow\Graphics\Platform\OpenGL\OGLRenderTarget.h">
      <Filter>Header Files</Filter>
    </ClInclude>
    <ClInclude Include="Hollow\Graphics\Platform\OpenGL\OGLRenderTargetManager.h">
      <Filter>Header Files</Filter>
    </ClInclude>
    <ClInclude Include="Hollow\Graphics\Platform\OpenGL\OGLShader.h">
      <Filter>Header Files</Filter>
    </ClInclude>
    <ClInclude Include="Hollow\Graphics\Platform\OpenGL\OGLShaderManager.h">
      <Filter>Header Files</Filter>
    </ClInclude>
    <ClInclude Include="Hollow\Graphics\Platform\OpenGL\OGLTexture.h">
      <Filter>Header Files</Filter>
    </ClInclude>
    <ClInclude Include="Hollow\Graphics\Platform\OpenGL\OGLTextureManager.h">
      <Filter>Header Files</Filter>
    </ClInclude>
    <ClInclude Include="Hollow\Graphics\Platform\OpenGL\OGLVertexBuffer.h">
      <Filter>Header Files</Filter>
    </ClInclude>
    <ClInclude Include="Hollow\Graphics\Platform\DirectX\D3D11InputLayout.h">
      <Filter>Header Files</Filter>
    </ClInclude>
    <ClInclude Include="Hollow\Graphics\Platform\DirectX\D3D11Helper.h">
      <Filter>Header Files</Filter>
    </ClInclude>
    <ClInclude Include="Hollow\Graphics\Platform\OpenGL\OGLInputLayout.h">
      <Filter>Header Files</Filter>
    </ClInclude>
    <ClInclude Include="Hollow\Graphics\Platform\OpenGL\OGLHelper.h">
      <Filter>Header Files</Filter>
    </ClInclude>
    <ClInclude Include="Hollow\Graphics\Base\PipelineState.h">
      <Filter>Header Files</Filter>
    </ClInclude>
    <ClInclude Include="Hollow\Graphics\Base\HardwareBuffer.h">
      <Filter>Header Files</Filter>
    </ClInclude>
    <ClInclude Include="Hollow\Graphics\Platform\DirectX\D3D11HardwareBuffer.h">
      <Filter>Header Files</Filter>
    </ClInclude>
    <ClInclude Include="Hollow\Graphics\Platform\OpenGL\OGLHardwareBuffer.h">
      <Filter>Header Files</Filter>
    </ClInclude>
    <ClInclude Include="Hollow\Graphics\Platform\OpenGL\OGLPipelineState.h">
      <Filter>Header Files</Filter>
    </ClInclude>
    <ClInclude Include="Hollow\Graphics\PipelineStateManager.h">
      <Filter>Header Files</Filter>
    </ClInclude>
    <ClInclude Include="Hollow\Graphics\Platform\DirectX\D3D11PipelineState.h">
      <Filter>Header Files</Filter>
    </ClInclude>
    <ClInclude Include="Hollow\Graphics\Platform\DirectX\D3D11PipelineStateManager.h">
      <Filter>Header Files</Filter>
    </ClInclude>
    <ClInclude Include="Hollow\Graphics\Platform\OpenGL\OGLPipelineStateManager.h">
      <Filter>Header Files</Filter>
    </ClInclude>
    <ClInclude Include="Hollow\Graphics\InputLayoutManager.h">
      <Filter>Header Files</Filter>
    </ClInclude>
    <ClInclude Include="Hollow\Graphics\Base\Texture.h">
      <Filter>Header Files</Filter>
    </ClInclude>
    <ClInclude Include="Hollow\Graphics\Platform\DirectX\D3D11InputLayoutManager.h">
      <Filter>Header Files</Filter>
    </ClInclude>
    <ClInclude Include="Hollow\Graphics\Platform\OpenGL\OGLInputLayoutManager.h">
      <Filter>Header Files</Filter>
    </ClInclude>
    <ClInclude Include="Hollow\Graphics\Base\CommonTypes.h">
      <Filter>Header Files</Filter>
    </ClInclude>
    <ClInclude Include="Hollow\Graphics\Base\DepthStencil.h">
      <Filter>Header Files</Filter>
    </ClInclude>
    <ClInclude Include="Hollow\Graphics\Base\BlendState.h">
      <Filter>Header Files</Filter>
    </ClInclude>
    <ClInclude Include="Hollow\Graphics\Platform\DirectX\D3D11DepthStencil.h">
      <Filter>Header Files</Filter>
    </ClInclude>
    <ClInclude Include="Hollow\Graphics\Platform\OpenGL\OGLSamplerState.h">
      <Filter>Header Files</Filter>
    </ClInclude>
    <ClInclude Include="Hollow\Graphics\Platform\DirectX\D3D11RenderStateManager.h">
      <Filter>Header Files</Filter>
    </ClInclude>
    <ClInclude Include="Hollow\Graphics\RenderStateManager.h">
      <Filter>Header Files</Filter>
    </ClInclude>
    <ClInclude Include="Hollow\Graphics\Platform\OpenGL\OGLBlendState.h">
      <Filter>Header Files</Filter>
    </ClInclude>
    <ClInclude Include="Hollow\Graphics\Platform\OpenGL\OGLDepthStencilState.h">
      <Filter>Header Files</Filter>
    </ClInclude>
    <ClInclude Include="Hollow\Graphics\Platform\OpenGL\OGLRasterizerState.h">
      <Filter>Header Files</Filter>
    </ClInclude>
    <ClInclude Include="Hollow\Graphics\Base\RasterizerState.h">
      <Filter>Header Files</Filter>
    </ClInclude>
    <ClInclude Include="Hollow\Graphics\Base\Win32Window.h">
      <Filter>Header Files</Filter>
    </ClInclude>
    <ClInclude Include="Hollow\Graphics\Platform\OpenGL\OGLRenderStateManager.h">
      <Filter>Header Files</Filter>
    </ClInclude>
  </ItemGroup>
  <ItemGroup>
    <ClCompile Include="Hollow\Common\Timer.cpp">
      <Filter>Source Files</Filter>
    </ClCompile>
    <ClCompile Include="Hollow\Input\InputManager.cpp">
      <Filter>Source Files</Filter>
    </ClCompile>
    <ClCompile Include="Hollow\Resources\Sound.cpp">
      <Filter>Source Files</Filter>
    </ClCompile>
    <ClCompile Include="Hollow\Events\EventSystem.cpp">
      <Filter>Source Files</Filter>
    </ClCompile>
    <ClCompile Include="Hollow\Math\Matrix3.h">
      <Filter>Source Files</Filter>
    </ClCompile>
    <ClCompile Include="Hollow\Math\Vector4.cpp">
      <Filter>Source Files</Filter>
    </ClCompile>
    <ClCompile Include="Hollow\Math\Matrix4.cpp">
      <Filter>Source Files</Filter>
    </ClCompile>
    <ClCompile Include="Hollow\Math\Vector3.cpp">
      <Filter>Source Files</Filter>
    </ClCompile>
    <ClCompile Include="Hollow\Graphics\Camera.cpp">
      <Filter>Source Files</Filter>
    </ClCompile>
    <ClCompile Include="Hollow\Importer\FreeImgImporter.cpp">
      <Filter>Source Files</Filter>
    </ClCompile>
    <ClCompile Include="Hollow\Graphics\TextureManager.cpp">
      <Filter>Source Files</Filter>
    </ClCompile>
    <ClCompile Include="Hollow\Test.cpp">
      <Filter>Source Files</Filter>
    </ClCompile>
    <ClCompile Include="Hollow\Graphics\GUI\ImGui\imgui.cpp">
      <Filter>Source Files</Filter>
    </ClCompile>
    <ClCompile Include="Hollow\Graphics\GUI\ImGui\imgui_demo.cpp">
      <Filter>Source Files</Filter>
    </ClCompile>
    <ClCompile Include="Hollow\Graphics\GUI\ImGui\imgui_draw.cpp">
      <Filter>Source Files</Filter>
    </ClCompile>
    <ClCompile Include="Hollow\Graphics\GUI\ImGui\imgui_impl_dx11.cpp">
      <Filter>Source Files</Filter>
    </ClCompile>
    <ClCompile Include="Hollow\Graphics\GUI\ImGui\imgui_impl_win32.cpp">
      <Filter>Source Files</Filter>
    </ClCompile>
    <ClCompile Include="Hollow\Graphics\GUI\ImGui\imgui_widgets.cpp">
      <Filter>Source Files</Filter>
    </ClCompile>
    <ClCompile Include="Hollow\Graphics\GUI\ImGui\imgui_impl_opengl3.cpp">
      <Filter>Source Files</Filter>
    </ClCompile>
    <ClCompile Include="Hollow\Importer\gltf\tinygltf.cpp">
      <Filter>Source Files</Filter>
    </ClCompile>
    <ClCompile Include="Hollow\Core.cpp">
      <Filter>Source Files</Filter>
    </ClCompile>
    <ClCompile Include="Hollow\Importer\GLTFImporter.cpp">
      <Filter>Source Files</Filter>
    </ClCompile>
    <ClCompile Include="Hollow\Graphics\ShaderManager.cpp">
      <Filter>Source Files</Filter>
    </ClCompile>
    <ClCompile Include="Hollow\Graphics\Base\SamplerState.h">
      <Filter>Header Files</Filter>
    </ClCompile>
    <ClCompile Include="Hollow\Graphics\Platform\DirectX\D3D11GPUBuffer.cpp">
      <Filter>Source Files</Filter>
    </ClCompile>
    <ClCompile Include="Hollow\Graphics\Platform\DirectX\D3D11GPUBufferManager.cpp">
      <Filter>Source Files</Filter>
    </ClCompile>
    <ClCompile Include="Hollow\Graphics\Platform\DirectX\D3D11HardwareBufferManager.cpp">
      <Filter>Source Files</Filter>
    </ClCompile>
    <ClCompile Include="Hollow\Graphics\Platform\DirectX\D3D11RenderApi.cpp">
      <Filter>Source Files</Filter>
    </ClCompile>
    <ClCompile Include="Hollow\Graphics\Platform\DirectX\D3D11RenderTarget.cpp">
      <Filter>Source Files</Filter>
    </ClCompile>
    <ClCompile Include="Hollow\Graphics\Platform\DirectX\D3D11RenderTargetManager.cpp">
      <Filter>Source Files</Filter>
    </ClCompile>
    <ClCompile Include="Hollow\Graphics\Platform\DirectX\D3D11ShaderManager.cpp">
      <Filter>Source Files</Filter>
    </ClCompile>
    <ClCompile Include="Hollow\Graphics\Platform\DirectX\D3D11TextureManager.cpp">
      <Filter>Source Files</Filter>
    </ClCompile>
    <ClCompile Include="Hollow\Graphics\Platform\DirectX\D3D11Win32Window.cpp">
      <Filter>Source Files</Filter>
    </ClCompile>
    <ClCompile Include="Hollow\Graphics\Platform\OpenGL\Win32\OGLWin32Window.cpp">
      <Filter>Source Files</Filter>
    </ClCompile>
    <ClCompile Include="Hollow\Graphics\Platform\OpenGL\OGLHardwareBufferManager.cpp">
      <Filter>Source Files</Filter>
    </ClCompile>
    <ClCompile Include="Hollow\Graphics\Platform\OpenGL\OGLRenderApi.cpp">
      <Filter>Source Files</Filter>
    </ClCompile>
    <ClCompile Include="Hollow\Graphics\Platform\OpenGL\OGLRenderTarget.cpp">
      <Filter>Source Files</Filter>
    </ClCompile>
    <ClCompile Include="Hollow\Graphics\Platform\OpenGL\OGLRenderTargetManager.cpp">
      <Filter>Source Files</Filter>
    </ClCompile>
    <ClCompile Include="Hollow\Graphics\Platform\OpenGL\OGLShaderManager.cpp">
      <Filter>Source Files</Filter>
    </ClCompile>
    <ClCompile Include="Hollow\Graphics\Platform\OpenGL\OGLTextureManager.cpp">
      <Filter>Source Files</Filter>
    </ClCompile>
    <ClCompile Include="Hollow\Graphics\Base\HardwareBuffer.cpp">
      <Filter>Source Files</Filter>
    </ClCompile>
    <ClCompile Include="Hollow\Graphics\Platform\DirectX\D3D11PipelineStateManager.cpp">
      <Filter>Source Files</Filter>
    </ClCompile>
    <ClCompile Include="Hollow\Graphics\Base\PipelineState.cpp">
      <Filter>Source Files</Filter>
    </ClCompile>
    <ClCompile Include="Hollow\Graphics\Platform\OpenGL\OGLPipelineStateManager.cpp">
      <Filter>Source Files</Filter>
    </ClCompile>
    <ClCompile Include="Hollow\Graphics\Base\RenderTarget.cpp">
      <Filter>Source Files</Filter>
    </ClCompile>
    <ClCompile Include="Hollow\Graphics\Platform\DirectX\D3D11InputLayoutManager.cpp">
      <Filter>Source Files</Filter>
    </ClCompile>
    <ClCompile Include="Hollow\Graphics\Platform\OpenGL\OGLInputLayoutManager.cpp">
      <Filter>Source Files</Filter>
    </ClCompile>
    <ClCompile Include="Hollow\Graphics\Base\InputLayout.cpp">
      <Filter>Source Files</Filter>
    </ClCompile>
    <ClCompile Include="Hollow\Graphics\Base\Shader.cpp">
      <Filter>Source Files</Filter>
    </ClCompile>
    <ClCompile Include="Hollow\Common\Log.cpp">
      <Filter>Source Files</Filter>
    </ClCompile>
    <ClCompile Include="Hollow\Common\Console.cpp">
      <Filter>Source Files</Filter>
    </ClCompile>
    <ClCompile Include="Hollow\Resources\Material.cpp">
      <Filter>Source Files</Filter>
    </ClCompile>
    <ClCompile Include="Hollow\Graphics\Base\DepthStencil.cpp">
      <Filter>Source Files</Filter>
    </ClCompile>
    <ClCompile Include="Hollow\Graphics\Platform\DirectX\D3D11RenderStateManager.cpp">
      <Filter>Source Files</Filter>
    </ClCompile>
    <ClCompile Include="Hollow\Graphics\Base\RasterizerState.cpp">
      <Filter>Source Files</Filter>
    </ClCompile>
    <ClCompile Include="Hollow\Graphics\Base\Win32Window.cpp">
      <Filter>Source Files</Filter>
    </ClCompile>
    <ClCompile Include="Hollow\Graphics\Platform\OpenGL\OGLRenderStateManager.cpp">
      <Filter>Source Files</Filter>
    </ClCompile>
    <ClCompile Include="Hollow\Graphics\Base\SamplerState.cpp">
      <Filter>Source Files</Filter>
    </ClCompile>
  </ItemGroup>
</Project>