<?xml version="1.0" encoding="utf-8"?>
<Project ToolsVersion="4.0" xmlns="http://schemas.microsoft.com/developer/msbuild/2003">
  <ItemGroup>
    <Filter Include="Source Files">
      <UniqueIdentifier>{4FC737F1-C7A5-4376-A066-2A32D752A2FF}</UniqueIdentifier>
      <Extensions>cpp;c;cc;cxx;def;odl;idl;hpj;bat;asm;asmx</Extensions>
    </Filter>
    <Filter Include="Header Files">
      <UniqueIdentifier>{93995380-89BD-4b04-88EB-625FBE52EBFB}</UniqueIdentifier>
      <Extensions>h;hh;hpp;hxx;hm;inl;inc;ipp;xsd</Extensions>
    </Filter>
    <Filter Include="Resource Files">
      <UniqueIdentifier>{67DA6AB6-F800-4c08-8B7A-83BB121AAD01}</UniqueIdentifier>
      <Extensions>rc;ico;cur;bmp;dlg;rc2;rct;bin;rgs;gif;jpg;jpeg;jpe;resx;tiff;tif;png;wav;mfcribbon-ms</Extensions>
    </Filter>
  </ItemGroup>
  <ItemGroup>
    <ClInclude Include="Hollow\Common\Log.h">
      <Filter>Header Files</Filter>
    </ClInclude>
    <ClInclude Include="Hollow\Common\Timer.h">
      <Filter>Header Files</Filter>
    </ClInclude>
    <ClInclude Include="Hollow\ECS\SystemManager.h">
      <Filter>Header Files</Filter>
    </ClInclude>
    <ClInclude Include="Hollow\Input\InputManager.h">
      <Filter>Header Files</Filter>
    </ClInclude>
    <ClInclude Include="Hollow\Input\KeyCodes.h">
      <Filter>Header Files</Filter>
    </ClInclude>
    <ClInclude Include="Hollow\Platform.h">
      <Filter>Header Files</Filter>
    </ClInclude>
    <ClInclude Include="Hollow\Resources\AudioEngine.h">
      <Filter>Header Files</Filter>
    </ClInclude>
    <ClInclude Include="Hollow\Resources\Utils\ObjParser.h">
      <Filter>Header Files</Filter>
    </ClInclude>
    <ClInclude Include="Hollow\Resources\Sound.h">
      <Filter>Header Files</Filter>
    </ClInclude>
    <ClInclude Include="Hollow\Graphics\DirectX\D3DRenderable.h">
      <Filter>Header Files</Filter>
    </ClInclude>
    <ClInclude Include="Hollow\Graphics\DirectX\D3DDepthStencil.h">
      <Filter>Header Files</Filter>
    </ClInclude>
    <ClInclude Include="Hollow\Graphics\DirectX\D3DPixelShader.h">
      <Filter>Header Files</Filter>
    </ClInclude>
    <ClInclude Include="Hollow\Graphics\DirectX\D3DRenderTarget.h">
      <Filter>Header Files</Filter>
    </ClInclude>
    <ClInclude Include="Hollow\Graphics\DirectX\D3DShaderResourceMapping.h">
      <Filter>Header Files</Filter>
    </ClInclude>
    <ClInclude Include="Hollow\Graphics\DirectX\D3DVertexShader.h">
      <Filter>Header Files</Filter>
    </ClInclude>
    <ClInclude Include="Hollow\Graphics\DirectX\D3DConstBufferMapping.h">
      <Filter>Header Files</Filter>
    </ClInclude>
    <ClInclude Include="Hollow\Graphics\DirectX\D3DConstantBuffer.h">
      <Filter>Header Files</Filter>
    </ClInclude>
    <ClInclude Include="Hollow\Graphics\Camera.h">
      <Filter>Header Files</Filter>
    </ClInclude>
    <ClInclude Include="Hollow\Application.h">
      <Filter>Header Files</Filter>
    </ClInclude>
    <ClInclude Include="Hollow\Graphics\IRenderable.h">
      <Filter>Header Files</Filter>
    </ClInclude>
    <ClInclude Include="Hollow\Graphics\IBuffer.h">
      <Filter>Header Files</Filter>
    </ClInclude>
    <ClInclude Include="Hollow\Graphics\DirectX\D3DTexture.h">
      <Filter>Header Files</Filter>
    </ClInclude>
    <ClInclude Include="Hollow\Graphics\DirectX\D3DBuffer.h">
      <Filter>Header Files</Filter>
    </ClInclude>
    <ClInclude Include="Hollow\Graphics\DirectX\D3DRenderer.h">
      <Filter>Header Files</Filter>
    </ClInclude>
    <ClInclude Include="Hollow\Graphics\Window\IWindow.h">
      <Filter>Header Files</Filter>
    </ClInclude>
    <ClInclude Include="Hollow\Graphics\Window\Win32\Win32Window.h">
      <Filter>Header Files</Filter>
    </ClInclude>
    <ClInclude Include="Hollow\Graphics\IRenderer.h">
      <Filter>Header Files</Filter>
    </ClInclude>
    <ClInclude Include="Hollow\Graphics\DirectX\D3DBlendState.h">
      <Filter>Header Files</Filter>
    </ClInclude>
    <ClInclude Include="Hollow\Graphics\DirectX\D3DRasterizerState.h">
      <Filter>Header Files</Filter>
    </ClInclude>
    <ClInclude Include="Hollow\Graphics\DirectX\D3DSamplerState.h">
      <Filter>Header Files</Filter>
    </ClInclude>
    <ClInclude Include="Hollow\Resources\Mesh.h">
      <Filter>Header Files</Filter>
    </ClInclude>
    <ClInclude Include="Hollow\Graphics\GUI\ImGui\imconfig.h">
      <Filter>Header Files</Filter>
    </ClInclude>
    <ClInclude Include="Hollow\Graphics\GUI\ImGui\imgui.h">
      <Filter>Header Files</Filter>
    </ClInclude>
    <ClInclude Include="Hollow\Graphics\GUI\ImGui\imgui_impl_dx11.h">
      <Filter>Header Files</Filter>
    </ClInclude>
    <ClInclude Include="Hollow\Graphics\GUI\ImGui\imgui_impl_win32.h">
      <Filter>Header Files</Filter>
    </ClInclude>
    <ClInclude Include="Hollow\Graphics\GUI\ImGui\imgui_internal.h">
      <Filter>Header Files</Filter>
    </ClInclude>
    <ClInclude Include="Hollow\Graphics\GUI\ImGui\imstb_rectpack.h">
      <Filter>Header Files</Filter>
    </ClInclude>
    <ClInclude Include="Hollow\Graphics\GUI\ImGui\imstb_textedit.h">
      <Filter>Header Files</Filter>
    </ClInclude>
    <ClInclude Include="Hollow\Graphics\GUI\ImGui\imstb_truetype.h">
      <Filter>Header Files</Filter>
    </ClInclude>
    <ClInclude Include="Hollow\Graphics\IMaterial.h">
      <Filter>Header Files</Filter>
    </ClInclude>
    <ClInclude Include="Hollow\Graphics\DirectX\D3DMaterial.h">
      <Filter>Header Files</Filter>
    </ClInclude>
    <ClInclude Include="Hollow\Graphics\ITexture.h">
      <Filter>Header Files</Filter>
    </ClInclude>
    <ClInclude Include="Hollow\Graphics\DirectX\D3DIShader.h">
      <Filter>Header Files</Filter>
    </ClInclude>
    <ClInclude Include="Hollow\Events\Event.h">
      <Filter>Header Files</Filter>
    </ClInclude>
    <ClInclude Include="Hollow\Events\EventDelegate.h">
      <Filter>Header Files</Filter>
    </ClInclude>
    <ClInclude Include="Hollow\Events\EventDispatcher.h">
      <Filter>Header Files</Filter>
    </ClInclude>
    <ClInclude Include="Hollow\Events\EventSystem.h">
      <Filter>Header Files</Filter>
    </ClInclude>
    <ClInclude Include="Hollow\Events\IEvent.h">
      <Filter>Header Files</Filter>
    </ClInclude>
    <ClInclude Include="Hollow\Events\IEventDelegate.h">
      <Filter>Header Files</Filter>
    </ClInclude>
    <ClInclude Include="Hollow\Events\IEventListener.h">
      <Filter>Header Files</Filter>
    </ClInclude>
    <ClInclude Include="Hollow\DummyConsoleListener.h">
      <Filter>Header Files</Filter>
    </ClInclude>
    <ClInclude Include="Hollow\Events\WindowCreateEvent.h">
      <Filter>Header Files</Filter>
    </ClInclude>
    <ClInclude Include="Hollow\Events\ButtonPressedEvent.h">
      <Filter>Header Files</Filter>
    </ClInclude>
    <ClInclude Include="Hollow\Events\ButtonReleasedEvent.h">
      <Filter>Header Files</Filter>
    </ClInclude>
    <ClInclude Include="Hollow\Layer.h">
      <Filter>Header Files</Filter>
    </ClInclude>
    <ClInclude Include="Hollow\LayerStack.h">
      <Filter>Header Files</Filter>
    </ClInclude>
    <ClInclude Include="Hollow\ImGuiLayer.h">
      <Filter>Header Files</Filter>
    </ClInclude>
    <ClInclude Include="Hollow\Events\MouseMoveEvent.h">
      <Filter>Header Files</Filter>
    </ClInclude>
    <ClInclude Include="Hollow\Math\Math.h">
      <Filter>Header Files</Filter>
    </ClInclude>
    <ClInclude Include="Hollow\ECS\ISystem.h">
      <Filter>Header Files</Filter>
    </ClInclude>
    <ClInclude Include="Hollow\ECS\System.h">
      <Filter>Header Files</Filter>
    </ClInclude>
    <ClInclude Include="Hollow\Containers\pair.h">
      <Filter>Header Files</Filter>
    </ClInclude>
    <ClInclude Include="Hollow\Containers\vector.h">
      <Filter>Header Files</Filter>
    </ClInclude>
    <ClInclude Include="Hollow\SceneManager.h">
      <Filter>Header Files</Filter>
    </ClInclude>
    <ClInclude Include="Hollow\Graphics\DirectX\D3DGeometryShader.h">
      <Filter>Header Files</Filter>
    </ClInclude>
    <ClInclude Include="Hollow\Graphics\DirectX\Icons\LightIcon.h">
      <Filter>Header Files</Filter>
    </ClInclude>
    <ClInclude Include="Hollow\Core\CModule.h">
      <Filter>Header Files</Filter>
    </ClInclude>
    <ClInclude Include="Hollow\Resources\MeshManager.h">
      <Filter>Header Files</Filter>
    </ClInclude>
    <ClInclude Include="Hollow\Resources\TextureManager.h">
      <Filter>Header Files</Filter>
    </ClInclude>
    <ClInclude Include="Hollow\Resources\ShaderManager.h">
      <Filter>Header Files</Filter>
    </ClInclude>
    <ClInclude Include="Hollow\Resources\MaterialManager.h">
      <Filter>Header Files</Filter>
    </ClInclude>
    <ClInclude Include="Hollow\Common\Console.h">
      <Filter>Header Files</Filter>
    </ClInclude>
    <ClInclude Include="Hollow\Common\FileSystem.h">
      <Filter>Header Files</Filter>
    </ClInclude>
    <ClInclude Include="Hollow\Common\Helper.h">
      <Filter>Header Files</Filter>
    </ClInclude>
    <ClInclude Include="Hollow\Graphics\PointLight.h">
      <Filter>Header Files</Filter>
    </ClInclude>
    <ClInclude Include="Hollow\Graphics\DirectionalLight.h">
      <Filter>Header Files</Filter>
    </ClInclude>
    <ClInclude Include="Hollow\Graphics\SpotLight.h">
      <Filter>Header Files</Filter>
    </ClInclude>
    <ClInclude Include="Hollow\Graphics\Vertex.h">
      <Filter>Header Files</Filter>
    </ClInclude>
    <ClInclude Include="Hollow\Math\Vec2.h">
      <Filter>Header Files</Filter>
    </ClInclude>
    <ClInclude Include="Hollow\Graphics\ShadowMap.h">
      <Filter>Header Files</Filter>
    </ClInclude>
    <ClInclude Include="Hollow\Containers\array.h">
      <Filter>Header Files</Filter>
    </ClInclude>
    <ClInclude Include="Hollow\Graphics\ForwardRenderPass.h">
      <Filter>Header Files</Filter>
    </ClInclude>
    <ClInclude Include="Hollow\Graphics\DefferedRenderPass.h">
      <Filter>Header Files</Filter>
    </ClInclude>
    <ClInclude Include="Hollow\EditorLayer.h">
      <Filter>Header Files</Filter>
    </ClInclude>
    <ClInclude Include="Hollow\Memory\PoolAllocator.h">
      <Filter>Header Files</Filter>
    </ClInclude>
    <ClInclude Include="Hollow\ECS\Entity.h">
      <Filter>Header Files</Filter>
    </ClInclude>
    <ClInclude Include="Hollow\ECS\EntityManager.h">
      <Filter>Header Files</Filter>
    </ClInclude>
    <ClInclude Include="Hollow\ApplicationLayer.h">
      <Filter>Header Files</Filter>
    </ClInclude>
    <ClInclude Include="Hollow\Memory\AllocatorUtils.h">
      <Filter>Header Files</Filter>
    </ClInclude>
    <ClInclude Include="Hollow\Memory\IAllocator.h">
      <Filter>Header Files</Filter>
    </ClInclude>
    <ClInclude Include="Hollow\ECS\GameObject.h">
      <Filter>Header Files</Filter>
    </ClInclude>
    <ClInclude Include="Hollow\ECS\ComponentManager.h">
      <Filter>Header Files</Filter>
    </ClInclude>
    <ClInclude Include="Hollow\ECS\IEntity.h">
      <Filter>Header Files</Filter>
    </ClInclude>
    <ClInclude Include="Hollow\ECS\Component.h">
      <Filter>Header Files</Filter>
    </ClInclude>
    <ClInclude Include="Hollow\ECS\IComponent.h">
      <Filter>Header Files</Filter>
    </ClInclude>
    <ClInclude Include="Hollow\ECS\RenderableComponent.h">
      <Filter>Header Files</Filter>
    </ClInclude>
    <ClInclude Include="Hollow\ECS\TransformComponent.h">
      <Filter>Header Files</Filter>
    </ClInclude>
    <ClInclude Include="Hollow\ECS\Light.h">
      <Filter>Header Files</Filter>
    </ClInclude>
    <ClInclude Include="Hollow\ECS\PointLightComponent.h">
      <Filter>Header Files</Filter>
    </ClInclude>
    <ClInclude Include="Hollow\ECS\MaterialComponent.h">
      <Filter>Header Files</Filter>
    </ClInclude>
    <ClInclude Include="Hollow\Common\SaveHelper.h">
      <Filter>Header Files</Filter>
    </ClInclude>
  </ItemGroup>
  <ItemGroup>
    <ClCompile Include="Hollow\Common\Log.cpp">
      <Filter>Source Files</Filter>
    </ClCompile>
    <ClCompile Include="Hollow\Common\Timer.cpp">
      <Filter>Source Files</Filter>
    </ClCompile>
    <ClCompile Include="Hollow\Input\InputManager.cpp">
      <Filter>Source Files</Filter>
    </ClCompile>
    <ClCompile Include="Hollow\Resources\AudioEngine.cpp">
      <Filter>Source Files</Filter>
    </ClCompile>
    <ClCompile Include="Hollow\Resources\Sound.cpp">
      <Filter>Source Files</Filter>
    </ClCompile>
    <ClCompile Include="Hollow\Resources\Utils\ObjParser.cpp">
      <Filter>Source Files</Filter>
    </ClCompile>
    <ClCompile Include="Hollow\Graphics\DirectX\D3DDepthStencil.cpp">
      <Filter>Source Files</Filter>
    </ClCompile>
    <ClCompile Include="Hollow\Graphics\DirectX\D3DRenderTarget.cpp">
      <Filter>Source Files</Filter>
    </ClCompile>
    <ClCompile Include="Hollow\Graphics\Camera.cpp">
      <Filter>Source Files</Filter>
    </ClCompile>
    <ClCompile Include="Hollow\Application.cpp">
      <Filter>Source Files</Filter>
    </ClCompile>
    <ClCompile Include="Hollow\Graphics\DirectX\D3DBuffer.cpp">
      <Filter>Source Files</Filter>
    </ClCompile>
    <ClCompile Include="Hollow\Graphics\DirectX\D3DRenderer.cpp">
      <Filter>Source Files</Filter>
    </ClCompile>
    <ClCompile Include="Hollow\Graphics\Window\Win32\Win32Window.cpp">
      <Filter>Source Files</Filter>
    </ClCompile>
    <ClCompile Include="Hollow\Graphics\GUI\ImGui\imgui.cpp">
      <Filter>Source Files</Filter>
    </ClCompile>
    <ClCompile Include="Hollow\Graphics\GUI\ImGui\imgui_draw.cpp">
      <Filter>Source Files</Filter>
    </ClCompile>
    <ClCompile Include="Hollow\Graphics\GUI\ImGui\imgui_impl_dx11.cpp">
      <Filter>Source Files</Filter>
    </ClCompile>
    <ClCompile Include="Hollow\Graphics\GUI\ImGui\imgui_impl_win32.cpp">
      <Filter>Source Files</Filter>
    </ClCompile>
    <ClCompile Include="Hollow\Graphics\GUI\ImGui\imgui_widgets.cpp">
      <Filter>Source Files</Filter>
    </ClCompile>
    <ClCompile Include="Hollow\Events\EventSystem.cpp">
      <Filter>Source Files</Filter>
    </ClCompile>
    <ClCompile Include="Hollow\Graphics\Window\IWindow.cpp">
      <Filter>Source Files</Filter>
    </ClCompile>
    <ClCompile Include="Hollow\SceneManager.cpp">
      <Filter>Source Files</Filter>
    </ClCompile>
    <ClCompile Include="Hollow\Resources\MeshManager.cpp">
      <Filter>Source Files</Filter>
    </ClCompile>
    <ClCompile Include="Hollow\Resources\TextureManager.cpp">
      <Filter>Source Files</Filter>
    </ClCompile>
    <ClCompile Include="Hollow\Resources\MaterialManager.cpp">
      <Filter>Source Files</Filter>
    </ClCompile>
    <ClCompile Include="Hollow\Resources\ShaderManager.cpp">
      <Filter>Source Files</Filter>
    </ClCompile>
    <ClCompile Include="Hollow\Common\Console.cpp">
      <Filter>Source Files</Filter>
    </ClCompile>
  </ItemGroup>
</Project>