<?xml version="1.0" encoding="utf-8"?>
<Project ToolsVersion="4.0" xmlns="http://schemas.microsoft.com/developer/msbuild/2003">
  <ItemGroup>
    <Filter Include="Source Files">
      <UniqueIdentifier>{4FC737F1-C7A5-4376-A066-2A32D752A2FF}</UniqueIdentifier>
      <Extensions>cpp;c;cc;cxx;def;odl;idl;hpj;bat;asm;asmx</Extensions>
    </Filter>
    <Filter Include="Header Files">
      <UniqueIdentifier>{93995380-89BD-4b04-88EB-625FBE52EBFB}</UniqueIdentifier>
      <Extensions>h;hh;hpp;hxx;hm;inl;inc;ipp;xsd</Extensions>
    </Filter>
    <Filter Include="Resource Files">
      <UniqueIdentifier>{67DA6AB6-F800-4c08-8B7A-83BB121AAD01}</UniqueIdentifier>
      <Extensions>rc;ico;cur;bmp;dlg;rc2;rct;bin;rgs;gif;jpg;jpeg;jpe;resx;tiff;tif;png;wav;mfcribbon-ms</Extensions>
    </Filter>
  </ItemGroup>
  <ItemGroup>
    <ClInclude Include="Hollow\Common\Log.h">
      <Filter>Header Files</Filter>
    </ClInclude>
    <ClInclude Include="Hollow\Common\Timer.h">
      <Filter>Header Files</Filter>
    </ClInclude>
    <ClInclude Include="Hollow\ECS\Components\Component.h">
      <Filter>Header Files</Filter>
    </ClInclude>
    <ClInclude Include="Hollow\ECS\Components\IComponent.h">
      <Filter>Header Files</Filter>
    </ClInclude>
    <ClInclude Include="Hollow\ECS\Entities\Entity.h">
      <Filter>Header Files</Filter>
    </ClInclude>
    <ClInclude Include="Hollow\ECS\Entities\IEntity.h">
      <Filter>Header Files</Filter>
    </ClInclude>
    <ClInclude Include="Hollow\ECS\Systems\ISystem.h">
      <Filter>Header Files</Filter>
    </ClInclude>
    <ClInclude Include="Hollow\ECS\Systems\System.h">
      <Filter>Header Files</Filter>
    </ClInclude>
    <ClInclude Include="Hollow\ECS\ComponentManager.h">
      <Filter>Header Files</Filter>
    </ClInclude>
    <ClInclude Include="Hollow\ECS\EntityManager.h">
      <Filter>Header Files</Filter>
    </ClInclude>
    <ClInclude Include="Hollow\ECS\EventHandler.h">
      <Filter>Header Files</Filter>
    </ClInclude>
    <ClInclude Include="Hollow\ECS\SystemManager.h">
      <Filter>Header Files</Filter>
    </ClInclude>
    <ClInclude Include="Hollow\Events\Event.h">
      <Filter>Header Files</Filter>
    </ClInclude>
    <ClInclude Include="Hollow\Events\EventDelegate.h">
      <Filter>Header Files</Filter>
    </ClInclude>
    <ClInclude Include="Hollow\Events\EventDispatcher.h">
      <Filter>Header Files</Filter>
    </ClInclude>
    <ClInclude Include="Hollow\Events\IEvent.h">
      <Filter>Header Files</Filter>
    </ClInclude>
    <ClInclude Include="Hollow\Events\IEventDelegate.h">
      <Filter>Header Files</Filter>
    </ClInclude>
    <ClInclude Include="Hollow\Events\IEventDispatcher.h">
      <Filter>Header Files</Filter>
    </ClInclude>
    <ClInclude Include="Hollow\Events\IEventListener.h">
      <Filter>Header Files</Filter>
    </ClInclude>
    <ClInclude Include="Hollow\Graphics\BufferTemplate\ConstantBuffer.h">
      <Filter>Header Files</Filter>
    </ClInclude>
    <ClInclude Include="Hollow\Graphics\BufferTemplate\IndexBuffer.h">
      <Filter>Header Files</Filter>
    </ClInclude>
    <ClInclude Include="Hollow\Graphics\BufferTemplate\VertexBuffer.h">
      <Filter>Header Files</Filter>
    </ClInclude>
    <ClInclude Include="Hollow\Graphics\Shaders\IShader.h">
      <Filter>Header Files</Filter>
    </ClInclude>
    <ClInclude Include="Hollow\Graphics\Shaders\PixelShader.h">
      <Filter>Header Files</Filter>
    </ClInclude>
    <ClInclude Include="Hollow\Graphics\Shaders\VertexShader.h">
      <Filter>Header Files</Filter>
    </ClInclude>
    <ClInclude Include="Hollow\Graphics\Camera.h">
      <Filter>Header Files</Filter>
    </ClInclude>
    <ClInclude Include="Hollow\Graphics\SimpleVertex.h">
      <Filter>Header Files</Filter>
    </ClInclude>
    <ClInclude Include="Hollow\Input\InputManager.h">
      <Filter>Header Files</Filter>
    </ClInclude>
    <ClInclude Include="Hollow\Input\KeyCodes.h">
      <Filter>Header Files</Filter>
    </ClInclude>
    <ClInclude Include="Hollow\Memory\Allocators\BaseAllocator.h">
      <Filter>Header Files</Filter>
    </ClInclude>
    <ClInclude Include="Hollow\Memory\Allocators\LinearAllocator.h">
      <Filter>Header Files</Filter>
    </ClInclude>
    <ClInclude Include="Hollow\Memory\Allocators\PointerMathUtils.h">
      <Filter>Header Files</Filter>
    </ClInclude>
    <ClInclude Include="Hollow\Memory\Allocators\PoolAllocator.h">
      <Filter>Header Files</Filter>
    </ClInclude>
    <ClInclude Include="Hollow\Memory\Allocators\StackAllocator.h">
      <Filter>Header Files</Filter>
    </ClInclude>
    <ClInclude Include="Hollow\Memory\MemoryChunkManager.h">
      <Filter>Header Files</Filter>
    </ClInclude>
    <ClInclude Include="Hollow\Memory\MemoryUser.h">
      <Filter>Header Files</Filter>
    </ClInclude>
    <ClInclude Include="Hollow\Memory\StackMemoryManager.h">
      <Filter>Header Files</Filter>
    </ClInclude>
    <ClInclude Include="Hollow\Utils\Console.h">
      <Filter>Header Files</Filter>
    </ClInclude>
    <ClInclude Include="Hollow\Utils\FamilyTypeID.h">
      <Filter>Header Files</Filter>
    </ClInclude>
    <ClInclude Include="Hollow\Window\Window.h">
      <Filter>Header Files</Filter>
    </ClInclude>
    <ClInclude Include="Hollow\Platform.h">
      <Filter>Header Files</Filter>
    </ClInclude>
    <ClInclude Include="Hollow\Graphics\RenderTarget.h">
      <Filter>Header Files</Filter>
    </ClInclude>
    <ClInclude Include="Hollow\Graphics\DepthStencil.h">
      <Filter>Header Files</Filter>
    </ClInclude>
    <ClInclude Include="Hollow\Engine.h">
      <Filter>Header Files</Filter>
    </ClInclude>
    <ClInclude Include="Hollow\Components\MeshComponent.h">
      <Filter>Header Files</Filter>
    </ClInclude>
    <ClInclude Include="Hollow.h">
      <Filter>Header Files</Filter>
    </ClInclude>
    <ClInclude Include="Hollow\Resources\ResourceManager.h">
      <Filter>Header Files</Filter>
    </ClInclude>
    <ClInclude Include="Hollow\Containers\vector.h">
      <Filter>Header Files</Filter>
    </ClInclude>
    <ClInclude Include="Hollow\Resources\AudioEngine.h">
      <Filter>Header Files</Filter>
    </ClInclude>
    <ClInclude Include="Hollow\Graphics\HollowRenderer.h">
      <Filter>Header Files</Filter>
    </ClInclude>
    <ClInclude Include="Hollow\Graphics\ConstBufferMapping.h">
      <Filter>Header Files</Filter>
    </ClInclude>
    <ClInclude Include="Hollow\Containers\pair.h">
      <Filter>Header Files</Filter>
    </ClInclude>
    <ClInclude Include="Hollow\Resources\Mesh.h">
      <Filter>Header Files</Filter>
    </ClInclude>
    <ClInclude Include="Hollow\Containers\hash_map.h">
      <Filter>Header Files</Filter>
    </ClInclude>
    <ClInclude Include="Hollow\Resources\Utils\ObjParser.h">
      <Filter>Header Files</Filter>
    </ClInclude>
    <ClInclude Include="Hollow\Resources\Sound.h">
      <Filter>Header Files</Filter>
    </ClInclude>
    <ClInclude Include="Hollow\Resources\Texture.h">
      <Filter>Header Files</Filter>
    </ClInclude>
    <ClInclude Include="Hollow\Resources\Material.h">
      <Filter>Header Files</Filter>
    </ClInclude>
    <ClInclude Include="Hollow\Resources\TextureLoader.h">
      <Filter>Header Files</Filter>
    </ClInclude>
  </ItemGroup>
  <ItemGroup>
    <ClCompile Include="Hollow\Common\Log.cpp">
      <Filter>Source Files</Filter>
    </ClCompile>
    <ClCompile Include="Hollow\Common\Timer.cpp">
      <Filter>Source Files</Filter>
    </ClCompile>
    <ClCompile Include="Hollow\ECS\ComponentManager.cpp">
      <Filter>Source Files</Filter>
    </ClCompile>
    <ClCompile Include="Hollow\Graphics\Camera.cpp">
      <Filter>Source Files</Filter>
    </ClCompile>
    <ClCompile Include="Hollow\Input\InputManager.cpp">
      <Filter>Source Files</Filter>
    </ClCompile>
    <ClCompile Include="Hollow\Memory\StackMemoryManager.cpp">
      <Filter>Source Files</Filter>
    </ClCompile>
    <ClCompile Include="Hollow\Window\Window.cpp">
      <Filter>Source Files</Filter>
    </ClCompile>
    <ClCompile Include="Hollow\Utils\FamilyTypeID.cpp">
      <Filter>Source Files</Filter>
    </ClCompile>
    <ClCompile Include="Hollow\ECS\EventHandler.cpp">
      <Filter>Source Files</Filter>
    </ClCompile>
    <ClCompile Include="Hollow\Engine.cpp">
      <Filter>Source Files</Filter>
    </ClCompile>
    <ClCompile Include="Hollow\Events\IEventListener.cpp">
      <Filter>Source Files</Filter>
    </ClCompile>
    <ClCompile Include="Hollow\Utils\Console.cpp">
      <Filter>Source Files</Filter>
    </ClCompile>
    <ClCompile Include="Hollow\Graphics\DepthStencil.cpp">
      <Filter>Source Files</Filter>
    </ClCompile>
    <ClCompile Include="Hollow\Graphics\RenderTarget.cpp">
      <Filter>Source Files</Filter>
    </ClCompile>
    <ClCompile Include="Hollow\Resources\ResourceManager.cpp">
      <Filter>Source Files</Filter>
    </ClCompile>
    <ClCompile Include="Hollow\Resources\AudioEngine.cpp">
      <Filter>Source Files</Filter>
    </ClCompile>
    <ClCompile Include="Hollow\Graphics\HollowRenderer.cpp">
      <Filter>Source Files</Filter>
    </ClCompile>
    <ClCompile Include="Hollow\Resources\Sound.cpp">
      <Filter>Source Files</Filter>
    </ClCompile>
    <ClCompile Include="Hollow\Resources\Utils\ObjParser.cpp">
      <Filter>Source Files</Filter>
    </ClCompile>
    <ClCompile Include="Hollow\Resources\TextureLoader.cpp">
      <Filter>Source Files</Filter>
    </ClCompile>
  </ItemGroup>
</Project>