<?xml version="1.0" encoding="utf-8"?>
<Project ToolsVersion="4.0" xmlns="http://schemas.microsoft.com/developer/msbuild/2003">
  <ItemGroup>
    <Filter Include="Source Files">
      <UniqueIdentifier>{4FC737F1-C7A5-4376-A066-2A32D752A2FF}</UniqueIdentifier>
      <Extensions>cpp;c;cc;cxx;def;odl;idl;hpj;bat;asm;asmx</Extensions>
    </Filter>
    <Filter Include="Header Files">
      <UniqueIdentifier>{93995380-89BD-4b04-88EB-625FBE52EBFB}</UniqueIdentifier>
      <Extensions>h;hh;hpp;hxx;hm;inl;inc;ipp;xsd</Extensions>
    </Filter>
    <Filter Include="Resource Files">
      <UniqueIdentifier>{67DA6AB6-F800-4c08-8B7A-83BB121AAD01}</UniqueIdentifier>
      <Extensions>rc;ico;cur;bmp;dlg;rc2;rct;bin;rgs;gif;jpg;jpeg;jpe;resx;tiff;tif;png;wav;mfcribbon-ms</Extensions>
    </Filter>
  </ItemGroup>
  <ItemGroup>
    <ClInclude Include="Test\AllocatorsTest.h">
      <Filter>Header Files</Filter>
    </ClInclude>
    <ClInclude Include="Engine\Engine.h">
      <Filter>Header Files</Filter>
    </ClInclude>
    <ClInclude Include="Engine\ECS\Utils\FamilyTypeID.h">
      <Filter>Header Files</Filter>
    </ClInclude>
    <ClInclude Include="Engine\ECS\Utils\Handle.h">
      <Filter>Header Files</Filter>
    </ClInclude>
    <ClInclude Include="Engine\ECS\Component.h">
      <Filter>Header Files</Filter>
    </ClInclude>
    <ClInclude Include="Engine\ECS\ComponentManager.h">
      <Filter>Header Files</Filter>
    </ClInclude>
    <ClInclude Include="Engine\ECS\Entity.h">
      <Filter>Header Files</Filter>
    </ClInclude>
    <ClInclude Include="Engine\ECS\EntityManager.h">
      <Filter>Header Files</Filter>
    </ClInclude>
    <ClInclude Include="Engine\ECS\IEntity.h">
      <Filter>Header Files</Filter>
    </ClInclude>
    <ClInclude Include="Engine\Memory\Allocators\IAllocator.h">
      <Filter>Header Files</Filter>
    </ClInclude>
    <ClInclude Include="Engine\Memory\Allocators\PoolAllocator.h">
      <Filter>Header Files</Filter>
    </ClInclude>
    <ClInclude Include="Engine\Memory\Allocators\StackAllocator.h">
      <Filter>Header Files</Filter>
    </ClInclude>
    <ClInclude Include="Engine\Memory\Utils\PointerMath.h">
      <Filter>Header Files</Filter>
    </ClInclude>
    <ClInclude Include="Engine\Memory\MemoryManager.h">
      <Filter>Header Files</Filter>
    </ClInclude>
    <ClInclude Include="Engine\Window\Window.h">
      <Filter>Header Files</Filter>
    </ClInclude>
    <ClInclude Include="Engine\Platform.h">
      <Filter>Header Files</Filter>
    </ClInclude>
    <ClInclude Include="Engine\ECS\ISystem.h">
      <Filter>Header Files</Filter>
    </ClInclude>
    <ClInclude Include="Engine\ECS\System.h">
      <Filter>Header Files</Filter>
    </ClInclude>
    <ClInclude Include="Engine\ECS\SystemManager.h">
      <Filter>Header Files</Filter>
    </ClInclude>
    <ClInclude Include="Engine\Memory\Allocators\LinearAllocator.h">
      <Filter>Header Files</Filter>
    </ClInclude>
  </ItemGroup>
  <ItemGroup>
    <ClCompile Include="Main.cpp">
      <Filter>Source Files</Filter>
    </ClCompile>
    <ClCompile Include="Test\ManagersTest.h">
      <Filter>Source Files</Filter>
    </ClCompile>
    <ClCompile Include="Test\ManagersTest.cpp">
      <Filter>Source Files</Filter>
    </ClCompile>
    <ClCompile Include="Engine\ECS\Utils\FamilyTypeID.cpp">
      <Filter>Source Files</Filter>
    </ClCompile>
    <ClCompile Include="Engine\ECS\ComponentManager.cpp">
      <Filter>Source Files</Filter>
    </ClCompile>
    <ClCompile Include="Engine\ECS\EntityManager.cpp">
      <Filter>Source Files</Filter>
    </ClCompile>
    <ClCompile Include="Engine\ECS\IComponent.cpp">
      <Filter>Source Files</Filter>
    </ClCompile>
    <ClCompile Include="Engine\ECS\IComponent.h">
      <Filter>Source Files</Filter>
    </ClCompile>
    <ClCompile Include="Engine\ECS\IEntity.cpp">
      <Filter>Source Files</Filter>
    </ClCompile>
    <ClCompile Include="Engine\Memory\Allocators\IAllocator.cpp">
      <Filter>Source Files</Filter>
    </ClCompile>
    <ClCompile Include="Engine\Memory\Allocators\PoolAllocator.cpp">
      <Filter>Source Files</Filter>
    </ClCompile>
    <ClCompile Include="Engine\Memory\Allocators\StackAllocator.cpp">
      <Filter>Source Files</Filter>
    </ClCompile>
    <ClCompile Include="Engine\Memory\GlobalMemoryUser.h">
      <Filter>Source Files</Filter>
    </ClCompile>
    <ClCompile Include="Engine\Memory\MemoryChunkAllocator.h">
      <Filter>Source Files</Filter>
    </ClCompile>
    <ClCompile Include="Engine\Memory\MemoryManager.cpp">
      <Filter>Source Files</Filter>
    </ClCompile>
    <ClCompile Include="Engine\Window\Window.cpp">
      <Filter>Source Files</Filter>
    </ClCompile>
    <ClCompile Include="Engine\ECS\ISystem.cpp">
      <Filter>Source Files</Filter>
    </ClCompile>
    <ClCompile Include="Engine\Memory\Allocators\LinearAllocator.cpp">
      <Filter>Source Files</Filter>
    </ClCompile>
    <ClCompile Include="Engine\ECS\SystemManager.cpp">
      <Filter>Source Files</Filter>
    </ClCompile>
  </ItemGroup>
</Project>